# This file is autogenerated, do not edit; changes may be undone by the next 'dep ensure'.


[[projects]]
  name = "github.com/natefinch/lumberjack"
  packages = ["."]
  revision = "a96e63847dc3c67d17befa69c303767e2f84e54f"
  version = "v2.1"

[[projects]]
  name = "github.com/sirupsen/logrus"
  packages = ["."]
  revision = "418b41d23a1bf978c06faea5313ba194650ac088"
  version = "v0.8.7"

[solve-meta]
  analyzer-name = "dep"
  analyzer-version = 1
  inputs-digest = "b546f32a9f94ed751c1c6da4b69a7f8d801452b949e7665cdef27986bdeb49bb"
  solver-name = "gps-cdcl"
  solver-version = 1
